
Microsoft Visual Studio Solution File, Format Version 12.00
# Visual Studio Version 17
VisualStudioVersion = 17.14.36414.22 d17.14
MinimumVisualStudioVersion = 10.0.40219.1
Project("{FAE04EC0-301F-11D3-BF4B-00C04F79EFBC}") = "MediFlow.Web", "MediFlow.Web.csproj", "{5DF2061E-48E3-438A-9AD3-2975D630B744}"
EndProject
Global
	GlobalSection(SolutionConfigurationPlatforms) = preSolution
		Debug|Any CPU = Debug|Any CPU
		Release|Any CPU = Release|Any CPU
	EndGlobalSection
	GlobalSection(ProjectConfigurationPlatforms) = postSolution
		{5DF2061E-48E3-438A-9AD3-2975D630B744}.Debug|Any CPU.ActiveCfg = Debug|Any CPU
		{5DF2061E-48E3-438A-9AD3-2975D630B744}.Debug|Any CPU.Build.0 = Debug|Any CPU
		{5DF2061E-48E3-438A-9AD3-2975D630B744}.Release|Any CPU.ActiveCfg = Release|Any CPU
		{5DF2061E-48E3-438A-9AD3-2975D630B744}.Release|Any CPU.Build.0 = Release|Any CPU
	EndGlobalSection
	GlobalSection(SolutionProperties) = preSolution
		HideSolutionNode = FALSE
	EndGlobalSection
	GlobalSection(ExtensibilityGlobals) = postSolution
		SolutionGuid = {2F747818-775F-4021-BF5E-920A82ACDD0A}
	EndGlobalSection
EndGlobal
